{
  "name": "ajs-platforms-node",
  "version": "1.0.0",
  "lockfileVersion": 1,
  "requires": true,
  "dependencies": {
    "@denvirus/ajs": {
      "version": "1.0.0",
      "resolved": "https://npm.pkg.github.com/download/@denvirus/ajs/1.0.0/91cb594ea8fceafdf42de7eca367d8a200732968fda2440d44a7fa5a9d8cb4ac",
      "integrity": "sha512-w/gJBbqYqAjpgO/DsUXTMtOMDB7Vvad3Bq8GOCOVBzXfZJkGf15dnNY8gEMlAu/2mfa1kZIHoro6uuWxlpIx8g=="
    }
  }
}
